# This file is automatically @generated by Poetry 1.8.3 and should not be changed by hand.

[[package]]
name = "click"
version = "8.1.7"
description = "Composable command line interface toolkit"
optional = false
python-versions = ">=3.7"
files = [
    {file = "click-8.1.7-py3-none-any.whl", hash = "sha256:ae74fb96c20a0277a1d615f1e4d73c8414f5a98db8b799a7931d1582f3390c28"},
    {file = "click-8.1.7.tar.gz", hash = "sha256:ca9853ad459e787e2192211578cc907e7594e294c7ccc834310722b41b9ca6de"},
]

[package.dependencies]
colorama = {version = "*", markers = "platform_system == \"Windows\""}

[[package]]
name = "cobs"
version = "1.2.1"
description = "Consistent Overhead Byte Stuffing (COBS)"
optional = false
python-versions = ">=3.6"
files = [
    {file = "cobs-1.2.1-cp310-cp310-win32.whl", hash = "sha256:54f8ea75af41ef17a6aa74089f15060c3413409322fbdd1263e028a91a87bdf0"},
    {file = "cobs-1.2.1-cp310-cp310-win_amd64.whl", hash = "sha256:e4107c15eefa5f3ce15e5fa3f7fd6d3aa81be839140f35943fb42b8d86e5125e"},
    {file = "cobs-1.2.1-cp311-cp311-win32.whl", hash = "sha256:f6ab84b1c975e144a83e11c454066e282374e776a1a79eedd06d0151297ae2f3"},
    {file = "cobs-1.2.1-cp311-cp311-win_amd64.whl", hash = "sha256:046933f36200f4163abd938adcb1500c1a7a394955ce20c9e3ebb79e78eabfdf"},
    {file = "cobs-1.2.1-cp312-cp312-win32.whl", hash = "sha256:141107fb3b764772f6db6a52af8158457e00e499f75e3794cb67ea11444839c5"},
    {file = "cobs-1.2.1-cp312-cp312-win_amd64.whl", hash = "sha256:cb02967314f0db41bf04bc475e4963c079912884586003c8290d82cd0f07d621"},
    {file = "cobs-1.2.1.tar.gz", hash = "sha256:2af7f8791cde1ae7c6b936f5d0c35fe29feb10de25f79c15b0af0d6729783cc0"},
]

[[package]]
name = "colorama"
version = "0.4.6"
description = "Cross-platform colored terminal text."
optional = false
python-versions = "!=3.0.*,!=3.1.*,!=3.2.*,!=3.3.*,!=3.4.*,!=3.5.*,!=3.6.*,>=2.7"
files = [
    {file = "colorama-0.4.6-py2.py3-none-any.whl", hash = "sha256:4f1d9991f5acc0ca119f9d443620b77f9d6b33703e51011c16baf57afb285fc6"},
    {file = "colorama-0.4.6.tar.gz", hash = "sha256:08695f5cb7ed6e0531a20572697297273c47b8cae5a63ffc6d6ed5c201be6e44"},
]

[[package]]
name = "grpcio"
version = "1.65.4"
description = "HTTP/2-based RPC framework"
optional = false
python-versions = ">=3.8"
files = [
    {file = "grpcio-1.65.4-cp310-cp310-linux_armv7l.whl", hash = "sha256:0e85c8766cf7f004ab01aff6a0393935a30d84388fa3c58d77849fcf27f3e98c"},
    {file = "grpcio-1.65.4-cp310-cp310-macosx_12_0_universal2.whl", hash = "sha256:e4a795c02405c7dfa8affd98c14d980f4acea16ea3b539e7404c645329460e5a"},
    {file = "grpcio-1.65.4-cp310-cp310-manylinux_2_17_aarch64.whl", hash = "sha256:d7b984a8dd975d949c2042b9b5ebcf297d6d5af57dcd47f946849ee15d3c2fb8"},
    {file = "grpcio-1.65.4-cp310-cp310-manylinux_2_17_i686.manylinux2014_i686.whl", hash = "sha256:644a783ce604a7d7c91412bd51cf9418b942cf71896344b6dc8d55713c71ce82"},
    {file = "grpcio-1.65.4-cp310-cp310-manylinux_2_17_x86_64.manylinux2014_x86_64.whl", hash = "sha256:5764237d751d3031a36fafd57eb7d36fd2c10c658d2b4057c516ccf114849a3e"},
    {file = "grpcio-1.65.4-cp310-cp310-musllinux_1_1_i686.whl", hash = "sha256:ee40d058cf20e1dd4cacec9c39e9bce13fedd38ce32f9ba00f639464fcb757de"},
    {file = "grpcio-1.65.4-cp310-cp310-musllinux_1_1_x86_64.whl", hash = "sha256:4482a44ce7cf577a1f8082e807a5b909236bce35b3e3897f839f2fbd9ae6982d"},
    {file = "grpcio-1.65.4-cp310-cp310-win32.whl", hash = "sha256:66bb051881c84aa82e4f22d8ebc9d1704b2e35d7867757f0740c6ef7b902f9b1"},
    {file = "grpcio-1.65.4-cp310-cp310-win_amd64.whl", hash = "sha256:870370524eff3144304da4d1bbe901d39bdd24f858ce849b7197e530c8c8f2ec"},
    {file = "grpcio-1.65.4-cp311-cp311-linux_armv7l.whl", hash = "sha256:85e9c69378af02e483bc626fc19a218451b24a402bdf44c7531e4c9253fb49ef"},
    {file = "grpcio-1.65.4-cp311-cp311-macosx_10_9_universal2.whl", hash = "sha256:2bd672e005afab8bf0d6aad5ad659e72a06dd713020554182a66d7c0c8f47e18"},
    {file = "grpcio-1.65.4-cp311-cp311-manylinux_2_17_aarch64.whl", hash = "sha256:abccc5d73f5988e8f512eb29341ed9ced923b586bb72e785f265131c160231d8"},
    {file = "grpcio-1.65.4-cp311-cp311-manylinux_2_17_i686.manylinux2014_i686.whl", hash = "sha256:886b45b29f3793b0c2576201947258782d7e54a218fe15d4a0468d9a6e00ce17"},
    {file = "grpcio-1.65.4-cp311-cp311-manylinux_2_17_x86_64.manylinux2014_x86_64.whl", hash = "sha256:be952436571dacc93ccc7796db06b7daf37b3b56bb97e3420e6503dccfe2f1b4"},
    {file = "grpcio-1.65.4-cp311-cp311-musllinux_1_1_i686.whl", hash = "sha256:8dc9ddc4603ec43f6238a5c95400c9a901b6d079feb824e890623da7194ff11e"},
    {file = "grpcio-1.65.4-cp311-cp311-musllinux_1_1_x86_64.whl", hash = "sha256:ade1256c98cba5a333ef54636095f2c09e6882c35f76acb04412f3b1aa3c29a5"},
    {file = "grpcio-1.65.4-cp311-cp311-win32.whl", hash = "sha256:280e93356fba6058cbbfc6f91a18e958062ef1bdaf5b1caf46c615ba1ae71b5b"},
    {file = "grpcio-1.65.4-cp311-cp311-win_amd64.whl", hash = "sha256:d2b819f9ee27ed4e3e737a4f3920e337e00bc53f9e254377dd26fc7027c4d558"},
    {file = "grpcio-1.65.4-cp312-cp312-linux_armv7l.whl", hash = "sha256:926a0750a5e6fb002542e80f7fa6cab8b1a2ce5513a1c24641da33e088ca4c56"},
    {file = "grpcio-1.65.4-cp312-cp312-macosx_10_9_universal2.whl", hash = "sha256:2a1d4c84d9e657f72bfbab8bedf31bdfc6bfc4a1efb10b8f2d28241efabfaaf2"},
    {file = "grpcio-1.65.4-cp312-cp312-manylinux_2_17_aarch64.whl", hash = "sha256:17de4fda50967679677712eec0a5c13e8904b76ec90ac845d83386b65da0ae1e"},
    {file = "grpcio-1.65.4-cp312-cp312-manylinux_2_17_i686.manylinux2014_i686.whl", hash = "sha256:3dee50c1b69754a4228e933696408ea87f7e896e8d9797a3ed2aeed8dbd04b74"},
    {file = "grpcio-1.65.4-cp312-cp312-manylinux_2_17_x86_64.manylinux2014_x86_64.whl", hash = "sha256:74c34fc7562bdd169b77966068434a93040bfca990e235f7a67cdf26e1bd5c63"},
    {file = "grpcio-1.65.4-cp312-cp312-musllinux_1_1_i686.whl", hash = "sha256:24a2246e80a059b9eb981e4c2a6d8111b1b5e03a44421adbf2736cc1d4988a8a"},
    {file = "grpcio-1.65.4-cp312-cp312-musllinux_1_1_x86_64.whl", hash = "sha256:18c10f0d054d2dce34dd15855fcca7cc44ec3b811139437543226776730c0f28"},
    {file = "grpcio-1.65.4-cp312-cp312-win32.whl", hash = "sha256:d72962788b6c22ddbcdb70b10c11fbb37d60ae598c51eb47ec019db66ccfdff0"},
    {file = "grpcio-1.65.4-cp312-cp312-win_amd64.whl", hash = "sha256:7656376821fed8c89e68206a522522317787a3d9ed66fb5110b1dff736a5e416"},
    {file = "grpcio-1.65.4-cp38-cp38-linux_armv7l.whl", hash = "sha256:4934077b33aa6fe0b451de8b71dabde96bf2d9b4cb2b3187be86e5adebcba021"},
    {file = "grpcio-1.65.4-cp38-cp38-macosx_10_9_universal2.whl", hash = "sha256:0cef8c919a3359847c357cb4314e50ed1f0cca070f828ee8f878d362fd744d52"},
    {file = "grpcio-1.65.4-cp38-cp38-manylinux_2_17_aarch64.whl", hash = "sha256:a925446e6aa12ca37114840d8550f308e29026cdc423a73da3043fd1603a6385"},
    {file = "grpcio-1.65.4-cp38-cp38-manylinux_2_17_i686.manylinux2014_i686.whl", hash = "sha256:cf53e6247f1e2af93657e62e240e4f12e11ee0b9cef4ddcb37eab03d501ca864"},
    {file = "grpcio-1.65.4-cp38-cp38-manylinux_2_17_x86_64.manylinux2014_x86_64.whl", hash = "sha256:cdb34278e4ceb224c89704cd23db0d902e5e3c1c9687ec9d7c5bb4c150f86816"},
    {file = "grpcio-1.65.4-cp38-cp38-musllinux_1_1_i686.whl", hash = "sha256:e6cbdd107e56bde55c565da5fd16f08e1b4e9b0674851d7749e7f32d8645f524"},
    {file = "grpcio-1.65.4-cp38-cp38-musllinux_1_1_x86_64.whl", hash = "sha256:626319a156b1f19513156a3b0dbfe977f5f93db63ca673a0703238ebd40670d7"},
    {file = "grpcio-1.65.4-cp38-cp38-win32.whl", hash = "sha256:3d1bbf7e1dd1096378bd83c83f554d3b93819b91161deaf63e03b7022a85224a"},
    {file = "grpcio-1.65.4-cp38-cp38-win_amd64.whl", hash = "sha256:a99e6dffefd3027b438116f33ed1261c8d360f0dd4f943cb44541a2782eba72f"},
    {file = "grpcio-1.65.4-cp39-cp39-linux_armv7l.whl", hash = "sha256:874acd010e60a2ec1e30d5e505b0651ab12eb968157cd244f852b27c6dbed733"},
    {file = "grpcio-1.65.4-cp39-cp39-macosx_10_9_universal2.whl", hash = "sha256:b07f36faf01fca5427d4aa23645e2d492157d56c91fab7e06fe5697d7e171ad4"},
    {file = "grpcio-1.65.4-cp39-cp39-manylinux_2_17_aarch64.whl", hash = "sha256:b81711bf4ec08a3710b534e8054c7dcf90f2edc22bebe11c1775a23f145595fe"},
    {file = "grpcio-1.65.4-cp39-cp39-manylinux_2_17_i686.manylinux2014_i686.whl", hash = "sha256:88fcabc332a4aef8bcefadc34a02e9ab9407ab975d2c7d981a8e12c1aed92aa1"},
    {file = "grpcio-1.65.4-cp39-cp39-manylinux_2_17_x86_64.manylinux2014_x86_64.whl", hash = "sha256:c9ba3e63108a8749994f02c7c0e156afb39ba5bdf755337de8e75eb685be244b"},
    {file = "grpcio-1.65.4-cp39-cp39-musllinux_1_1_i686.whl", hash = "sha256:8eb485801957a486bf5de15f2c792d9f9c897a86f2f18db8f3f6795a094b4bb2"},
    {file = "grpcio-1.65.4-cp39-cp39-musllinux_1_1_x86_64.whl", hash = "sha256:075f3903bc1749ace93f2b0664f72964ee5f2da5c15d4b47e0ab68e4f442c257"},
    {file = "grpcio-1.65.4-cp39-cp39-win32.whl", hash = "sha256:0a0720299bdb2cc7306737295d56e41ce8827d5669d4a3cd870af832e3b17c4d"},
    {file = "grpcio-1.65.4-cp39-cp39-win_amd64.whl", hash = "sha256:a146bc40fa78769f22e1e9ff4f110ef36ad271b79707577bf2a31e3e931141b9"},
    {file = "grpcio-1.65.4.tar.gz", hash = "sha256:2a4f476209acffec056360d3e647ae0e14ae13dcf3dfb130c227ae1c594cbe39"},
]

[package.extras]
protobuf = ["grpcio-tools (>=1.65.4)"]

[[package]]
name = "grpcio-tools"
version = "1.65.4"
description = "Protobuf code generator for gRPC"
optional = false
python-versions = ">=3.8"
files = [
    {file = "grpcio_tools-1.65.4-cp310-cp310-linux_armv7l.whl", hash = "sha256:bd9bfc03776def6267d08885f639ca593eee60c6aa98252b08ac50ece75989bd"},
    {file = "grpcio_tools-1.65.4-cp310-cp310-macosx_12_0_universal2.whl", hash = "sha256:15d8263027ed6f326661a26a1ac4548f01dd6ca1624f491a4aef908c0e7afe22"},
    {file = "grpcio_tools-1.65.4-cp310-cp310-manylinux_2_17_aarch64.whl", hash = "sha256:9075bb8e15726e2dbd9ce7cc982a77b011a529b013013487861d82454508eb7b"},
    {file = "grpcio_tools-1.65.4-cp310-cp310-manylinux_2_17_i686.manylinux2014_i686.whl", hash = "sha256:db10c68bca4a14be13f06143e853231c7265a38571d5b12877394a48397b9b96"},
    {file = "grpcio_tools-1.65.4-cp310-cp310-manylinux_2_17_x86_64.manylinux2014_x86_64.whl", hash = "sha256:21569dda4aa7ab1301766ddc2d5d30c58f987d02a9ca5d984886bdb419a76746"},
    {file = "grpcio_tools-1.65.4-cp310-cp310-musllinux_1_1_i686.whl", hash = "sha256:5fb1bc6263af137662ab1d11eed36a50f9f75aa1948837030dd54d8688a9e8f1"},
    {file = "grpcio_tools-1.65.4-cp310-cp310-musllinux_1_1_x86_64.whl", hash = "sha256:d3fafd48563cc28e8537f4a7d2de28b4436df9337e639a42acfd53548ecaa62e"},
    {file = "grpcio_tools-1.65.4-cp310-cp310-win32.whl", hash = "sha256:9dd133763c0b322466a83557e04c9455c2966f51621cc03adee096dcfdbc6b51"},
    {file = "grpcio_tools-1.65.4-cp310-cp310-win_amd64.whl", hash = "sha256:4b108396d95a07705b2d5f53e8621a8499025148167ee801e05d90a267c111d5"},
    {file = "grpcio_tools-1.65.4-cp311-cp311-linux_armv7l.whl", hash = "sha256:64162a0df2fb170674a580ed5d14b954ea9f48460f5ec8f0f54231c3e52ed56c"},
    {file = "grpcio_tools-1.65.4-cp311-cp311-macosx_10_9_universal2.whl", hash = "sha256:323a168b7cdd25b4273781b277559a4048d890f64931c102295a042f5434693f"},
    {file = "grpcio_tools-1.65.4-cp311-cp311-manylinux_2_17_aarch64.whl", hash = "sha256:12db3fd619b55679df484c3998fce49db04924fb4000e5eb794cb6c92f65830f"},
    {file = "grpcio_tools-1.65.4-cp311-cp311-manylinux_2_17_i686.manylinux2014_i686.whl", hash = "sha256:2d82c974592e7af9a9bc20103b3a2a07f3832fdc48b4a24c71c9726560b5889f"},
    {file = "grpcio_tools-1.65.4-cp311-cp311-manylinux_2_17_x86_64.manylinux2014_x86_64.whl", hash = "sha256:fe2278a86c360d1772e42a635ed5028bdecf9b4c88e61cdba1f72c048c8358d5"},
    {file = "grpcio_tools-1.65.4-cp311-cp311-musllinux_1_1_i686.whl", hash = "sha256:9ec926ac0f11e195ae69ea46ce4f5b4cb67784e1149cb0a244dcf3163a7579fa"},
    {file = "grpcio_tools-1.65.4-cp311-cp311-musllinux_1_1_x86_64.whl", hash = "sha256:8e7a836784d43add8cdbf8434546334aa17c67fafb7c8cf79053a6fe5a4d9b4f"},
    {file = "grpcio_tools-1.65.4-cp311-cp311-win32.whl", hash = "sha256:5589828575bd4f097f129a8458b1315dbe0681fc6f79df4490e513fbd5d5612f"},
    {file = "grpcio_tools-1.65.4-cp311-cp311-win_amd64.whl", hash = "sha256:8efdda509c8f203ea228cddd4fa8ece56e585daabb891ed1963604f173969dee"},
    {file = "grpcio_tools-1.65.4-cp312-cp312-linux_armv7l.whl", hash = "sha256:a077784cf8808f8bc632978f609abb1eb409b84ce72fd61dc6755def782bfbe7"},
    {file = "grpcio_tools-1.65.4-cp312-cp312-macosx_10_9_universal2.whl", hash = "sha256:cb5e360704ceeb71658602b1de717a8613044194f90a7a087e90c6d36539e695"},
    {file = "grpcio_tools-1.65.4-cp312-cp312-manylinux_2_17_aarch64.whl", hash = "sha256:9c9155210d15891eb7344eb4b6b91153472cbe67dfcfb41de71fc79763155c17"},
    {file = "grpcio_tools-1.65.4-cp312-cp312-manylinux_2_17_i686.manylinux2014_i686.whl", hash = "sha256:245254307701a3dfb32bfbea4f2f618c30eb7ea638824f2e7ccd2e3bfeec3a47"},
    {file = "grpcio_tools-1.65.4-cp312-cp312-manylinux_2_17_x86_64.manylinux2014_x86_64.whl", hash = "sha256:6da3adf692b55fb52019b79294a6b4b6833186b2fa68186e7cc993a53b232982"},
    {file = "grpcio_tools-1.65.4-cp312-cp312-musllinux_1_1_i686.whl", hash = "sha256:49ef47db7c6487f37ab302f5f5b5003c96a015649a1c0d7bcbbd0daa18beeb43"},
    {file = "grpcio_tools-1.65.4-cp312-cp312-musllinux_1_1_x86_64.whl", hash = "sha256:6d1004ea42639bec7b7a9b7883cd4bd8a6ef4845f9b39870aaee8efac2a24e46"},
    {file = "grpcio_tools-1.65.4-cp312-cp312-win32.whl", hash = "sha256:c1471720682639f19d1baaa976df1021e98a51c609d1405e0b277b9cbcae96bd"},
    {file = "grpcio_tools-1.65.4-cp312-cp312-win_amd64.whl", hash = "sha256:75cf8276550d213524cf660e73aaee858f94d19f99a0ec8e29665d6deab0f89e"},
    {file = "grpcio_tools-1.65.4-cp38-cp38-linux_armv7l.whl", hash = "sha256:442fc5d8d4535e475a17f85a4e45b4af5741bf895f187e20f881e83cbc34e791"},
    {file = "grpcio_tools-1.65.4-cp38-cp38-macosx_10_9_universal2.whl", hash = "sha256:a10d079ea52264fbf82cf14c4f103873ad54cba237d708f03603a8cb367584e1"},
    {file = "grpcio_tools-1.65.4-cp38-cp38-manylinux_2_17_aarch64.whl", hash = "sha256:460226bc931b98e60b96b6b4063331de70f19508c8c14072d3661924cdd9a82c"},
    {file = "grpcio_tools-1.65.4-cp38-cp38-manylinux_2_17_i686.manylinux2014_i686.whl", hash = "sha256:aa9d9322e07909031b81ae10124f6a01e74a8f7d42b6eeaccfd790aad2518060"},
    {file = "grpcio_tools-1.65.4-cp38-cp38-manylinux_2_17_x86_64.manylinux2014_x86_64.whl", hash = "sha256:2c87b7e304376a6c5aaf7d6276f4f58a36b861709063370902eb9c6d5317a31b"},
    {file = "grpcio_tools-1.65.4-cp38-cp38-musllinux_1_1_i686.whl", hash = "sha256:d68abc5c9c012f2521f93b2941b6a44b24d03462ed1f0dcddb03a62df1a81091"},
    {file = "grpcio_tools-1.65.4-cp38-cp38-musllinux_1_1_x86_64.whl", hash = "sha256:3ac76c7331fe397307d58098f24657efa793b21db7d87e22112f1fe3dad62789"},
    {file = "grpcio_tools-1.65.4-cp38-cp38-win32.whl", hash = "sha256:1f628780bd18025e30675b97ece2faadedd33360c4b87fe91e788522c4425a79"},
    {file = "grpcio_tools-1.65.4-cp38-cp38-win_amd64.whl", hash = "sha256:b0d6f235be4d4faca855156094d8684ee7ebe3087ee9dd0689cfa527009cdeaf"},
    {file = "grpcio_tools-1.65.4-cp39-cp39-linux_armv7l.whl", hash = "sha256:d84ed2f64ca63f775f96c66426c8cd5dd904d38f1f1246e23c9a686839673b2d"},
    {file = "grpcio_tools-1.65.4-cp39-cp39-macosx_10_9_universal2.whl", hash = "sha256:79056f95ae64d0f936edd1c2d421897c0923687a09f479b6a4bd5a64e8b4a2ec"},
    {file = "grpcio_tools-1.65.4-cp39-cp39-manylinux_2_17_aarch64.whl", hash = "sha256:bfca471c8ab6af43e2ccdd395cda6e40d4100ffc39961d53707becb4db51dc8b"},
    {file = "grpcio_tools-1.65.4-cp39-cp39-manylinux_2_17_i686.manylinux2014_i686.whl", hash = "sha256:24048d0a969813851ba5f2b3fabc92fa7cb49e6b10f1d00114303eaa84f770fb"},
    {file = "grpcio_tools-1.65.4-cp39-cp39-manylinux_2_17_x86_64.manylinux2014_x86_64.whl", hash = "sha256:d37bf8276058b4600b3c65b9d62242d45fde06a2b69ff86d4e0f061287c33aa5"},
    {file = "grpcio_tools-1.65.4-cp39-cp39-musllinux_1_1_i686.whl", hash = "sha256:2f04d4879077795b998dc5d1c7510f8cd42f5082d4447c35fe39f57b95d7010e"},
    {file = "grpcio_tools-1.65.4-cp39-cp39-musllinux_1_1_x86_64.whl", hash = "sha256:cef9ae044b846e4ab9ce3c7cb872ebeedbb7ae545db8c585187744848dd93559"},
    {file = "grpcio_tools-1.65.4-cp39-cp39-win32.whl", hash = "sha256:5051e85953b942521528b19eb39bd6dad3b3e0e5a552a66bbeadbbd4a4a6f0e5"},
    {file = "grpcio_tools-1.65.4-cp39-cp39-win_amd64.whl", hash = "sha256:a39a9c033391c3ce591a06ee058ed16e07b06ac2866083c53daa4e5d5235efc6"},
    {file = "grpcio_tools-1.65.4.tar.gz", hash = "sha256:638486d9ebf68a847f59dad0480292142a3c5143a2943bce7721c3ce9f665148"},
]

[package.dependencies]
grpcio = ">=1.65.4"
protobuf = ">=5.26.1,<6.0dev"
setuptools = "*"

[[package]]
name = "haybox"
version = "0.1.4"
description = "HayBox firmware config protocol Python library"
optional = false
python-versions = ">=3.8"
files = [
    {file = "haybox-0.1.4-py3-none-any.whl", hash = "sha256:d35cbbee9e4e0a4316a4181af7e998c6c163c001000930007c07378286d9e610"},
    {file = "haybox-0.1.4.tar.gz", hash = "sha256:0146c30ca6cdff486c2f45184377632a1d6f0a5a8c5363691a858cf114f41e17"},
]

[package.dependencies]
cobs = ">=1.2.1,<2.0.0"
protobuf = ">=5.26.1,<6.0.0"
pyserial = ">=3.5,<4.0"

[[package]]
name = "protobuf"
version = "5.27.1"
description = ""
optional = false
python-versions = ">=3.8"
files = [
    {file = "protobuf-5.27.1-cp310-abi3-win32.whl", hash = "sha256:3adc15ec0ff35c5b2d0992f9345b04a540c1e73bfee3ff1643db43cc1d734333"},
    {file = "protobuf-5.27.1-cp310-abi3-win_amd64.whl", hash = "sha256:25236b69ab4ce1bec413fd4b68a15ef8141794427e0b4dc173e9d5d9dffc3bcd"},
    {file = "protobuf-5.27.1-cp38-abi3-macosx_10_9_universal2.whl", hash = "sha256:4e38fc29d7df32e01a41cf118b5a968b1efd46b9c41ff515234e794011c78b17"},
    {file = "protobuf-5.27.1-cp38-abi3-manylinux2014_aarch64.whl", hash = "sha256:917ed03c3eb8a2d51c3496359f5b53b4e4b7e40edfbdd3d3f34336e0eef6825a"},
    {file = "protobuf-5.27.1-cp38-abi3-manylinux2014_x86_64.whl", hash = "sha256:ee52874a9e69a30271649be88ecbe69d374232e8fd0b4e4b0aaaa87f429f1631"},
    {file = "protobuf-5.27.1-cp38-cp38-win32.whl", hash = "sha256:7a97b9c5aed86b9ca289eb5148df6c208ab5bb6906930590961e08f097258107"},
    {file = "protobuf-5.27.1-cp38-cp38-win_amd64.whl", hash = "sha256:f6abd0f69968792da7460d3c2cfa7d94fd74e1c21df321eb6345b963f9ec3d8d"},
    {file = "protobuf-5.27.1-cp39-cp39-win32.whl", hash = "sha256:dfddb7537f789002cc4eb00752c92e67885badcc7005566f2c5de9d969d3282d"},
    {file = "protobuf-5.27.1-cp39-cp39-win_amd64.whl", hash = "sha256:39309898b912ca6febb0084ea912e976482834f401be35840a008da12d189340"},
    {file = "protobuf-5.27.1-py3-none-any.whl", hash = "sha256:4ac7249a1530a2ed50e24201d6630125ced04b30619262f06224616e0030b6cf"},
    {file = "protobuf-5.27.1.tar.gz", hash = "sha256:df5e5b8e39b7d1c25b186ffdf9f44f40f810bbcc9d2b71d9d3156fee5a9adf15"},
]

[[package]]
name = "pyserial"
version = "3.5"
description = "Python Serial Port Extension"
optional = false
python-versions = "*"
files = [
    {file = "pyserial-3.5-py2.py3-none-any.whl", hash = "sha256:c4451db6ba391ca6ca299fb3ec7bae67a5c55dde170964c7a14ceefec02f2cf0"},
    {file = "pyserial-3.5.tar.gz", hash = "sha256:3c77e014170dfffbd816e6ffc205e9842efb10be9f58ec16d3e8675b4925cddb"},
]

[package.extras]
cp2110 = ["hidapi"]

[[package]]
name = "setuptools"
version = "70.0.0"
description = "Easily download, build, install, upgrade, and uninstall Python packages"
optional = false
python-versions = ">=3.8"
files = [
    {file = "setuptools-70.0.0-py3-none-any.whl", hash = "sha256:54faa7f2e8d2d11bcd2c07bed282eef1046b5c080d1c32add737d7b5817b1ad4"},
    {file = "setuptools-70.0.0.tar.gz", hash = "sha256:f211a66637b8fa059bb28183da127d4e86396c991a942b028c6650d4319c3fd0"},
]

[package.extras]
docs = ["furo", "jaraco.packaging (>=9.3)", "jaraco.tidelift (>=1.4)", "pygments-github-lexers (==0.0.5)", "pyproject-hooks (!=1.1)", "rst.linker (>=1.9)", "sphinx (>=3.5)", "sphinx-favicon", "sphinx-inline-tabs", "sphinx-lint", "sphinx-notfound-page (>=1,<2)", "sphinx-reredirects", "sphinxcontrib-towncrier"]
testing = ["build[virtualenv] (>=1.0.3)", "filelock (>=3.4.0)", "importlib-metadata", "ini2toml[lite] (>=0.14)", "jaraco.develop (>=7.21)", "jaraco.envs (>=2.2)", "jaraco.path (>=3.2.0)", "mypy (==1.9)", "packaging (>=23.2)", "pip (>=19.1)", "pyproject-hooks (!=1.1)", "pytest (>=6,!=8.1.1)", "pytest-checkdocs (>=2.4)", "pytest-cov", "pytest-enabler (>=2.2)", "pytest-home (>=0.5)", "pytest-mypy", "pytest-perf", "pytest-ruff (>=0.2.1)", "pytest-subprocess", "pytest-timeout", "pytest-xdist (>=3)", "tomli", "tomli-w (>=1.0.0)", "virtualenv (>=13.0.0)", "wheel"]

[metadata]
lock-version = "2.0"
python-versions = "^3.9"
content-hash = "296bfbef1b5510fbbc0968899d8cc2877d31d7f83adb8e4b6338a78d147c5361"
