# This file is automatically @generated by Poetry 1.8.5 and should not be changed by hand.

[[package]]
name = "click"
version = "8.1.8"
description = "Composable command line interface toolkit"
optional = false
python-versions = ">=3.7"
files = [
    {file = "click-8.1.8-py3-none-any.whl", hash = "sha256:63c132bbbed01578a06712a2d1f497bb62d9c1c0d329b7903a866228027263b2"},
    {file = "click-8.1.8.tar.gz", hash = "sha256:ed53c9d8990d83c2a27deae68e4ee337473f6330c040a31d4225c9574d16096a"},
]

[package.dependencies]
colorama = {version = "*", markers = "platform_system == \"Windows\""}

[[package]]
name = "cobs"
version = "1.2.1"
description = "Consistent Overhead Byte Stuffing (COBS)"
optional = false
python-versions = ">=3.6"
files = [
    {file = "cobs-1.2.1-cp310-cp310-win32.whl", hash = "sha256:54f8ea75af41ef17a6aa74089f15060c3413409322fbdd1263e028a91a87bdf0"},
    {file = "cobs-1.2.1-cp310-cp310-win_amd64.whl", hash = "sha256:e4107c15eefa5f3ce15e5fa3f7fd6d3aa81be839140f35943fb42b8d86e5125e"},
    {file = "cobs-1.2.1-cp311-cp311-win32.whl", hash = "sha256:f6ab84b1c975e144a83e11c454066e282374e776a1a79eedd06d0151297ae2f3"},
    {file = "cobs-1.2.1-cp311-cp311-win_amd64.whl", hash = "sha256:046933f36200f4163abd938adcb1500c1a7a394955ce20c9e3ebb79e78eabfdf"},
    {file = "cobs-1.2.1-cp312-cp312-win32.whl", hash = "sha256:141107fb3b764772f6db6a52af8158457e00e499f75e3794cb67ea11444839c5"},
    {file = "cobs-1.2.1-cp312-cp312-win_amd64.whl", hash = "sha256:cb02967314f0db41bf04bc475e4963c079912884586003c8290d82cd0f07d621"},
    {file = "cobs-1.2.1-cp313-cp313-win32.whl", hash = "sha256:5857c85de70f244648d2a5ee1f28e2aa9313752ebd44c8089343c086dd184a77"},
    {file = "cobs-1.2.1-cp313-cp313-win_amd64.whl", hash = "sha256:3431da8248d91c241ad98ceb08df00824574421132e42359cd31080a1e13bf24"},
    {file = "cobs-1.2.1.tar.gz", hash = "sha256:2af7f8791cde1ae7c6b936f5d0c35fe29feb10de25f79c15b0af0d6729783cc0"},
]

[[package]]
name = "colorama"
version = "0.4.6"
description = "Cross-platform colored terminal text."
optional = false
python-versions = "!=3.0.*,!=3.1.*,!=3.2.*,!=3.3.*,!=3.4.*,!=3.5.*,!=3.6.*,>=2.7"
files = [
    {file = "colorama-0.4.6-py2.py3-none-any.whl", hash = "sha256:4f1d9991f5acc0ca119f9d443620b77f9d6b33703e51011c16baf57afb285fc6"},
    {file = "colorama-0.4.6.tar.gz", hash = "sha256:08695f5cb7ed6e0531a20572697297273c47b8cae5a63ffc6d6ed5c201be6e44"},
]

[[package]]
name = "grpcio"
version = "1.70.0"
description = "HTTP/2-based RPC framework"
optional = false
python-versions = ">=3.8"
files = [
    {file = "grpcio-1.70.0-cp310-cp310-linux_armv7l.whl", hash = "sha256:95469d1977429f45fe7df441f586521361e235982a0b39e33841549143ae2851"},
    {file = "grpcio-1.70.0-cp310-cp310-macosx_12_0_universal2.whl", hash = "sha256:ed9718f17fbdb472e33b869c77a16d0b55e166b100ec57b016dc7de9c8d236bf"},
    {file = "grpcio-1.70.0-cp310-cp310-manylinux_2_17_aarch64.whl", hash = "sha256:374d014f29f9dfdb40510b041792e0e2828a1389281eb590df066e1cc2b404e5"},
    {file = "grpcio-1.70.0-cp310-cp310-manylinux_2_17_i686.manylinux2014_i686.whl", hash = "sha256:f2af68a6f5c8f78d56c145161544ad0febbd7479524a59c16b3e25053f39c87f"},
    {file = "grpcio-1.70.0-cp310-cp310-manylinux_2_17_x86_64.manylinux2014_x86_64.whl", hash = "sha256:ce7df14b2dcd1102a2ec32f621cc9fab6695effef516efbc6b063ad749867295"},
    {file = "grpcio-1.70.0-cp310-cp310-musllinux_1_1_i686.whl", hash = "sha256:c78b339869f4dbf89881e0b6fbf376313e4f845a42840a7bdf42ee6caed4b11f"},
    {file = "grpcio-1.70.0-cp310-cp310-musllinux_1_1_x86_64.whl", hash = "sha256:58ad9ba575b39edef71f4798fdb5c7b6d02ad36d47949cd381d4392a5c9cbcd3"},
    {file = "grpcio-1.70.0-cp310-cp310-win32.whl", hash = "sha256:2b0d02e4b25a5c1f9b6c7745d4fa06efc9fd6a611af0fb38d3ba956786b95199"},
    {file = "grpcio-1.70.0-cp310-cp310-win_amd64.whl", hash = "sha256:0de706c0a5bb9d841e353f6343a9defc9fc35ec61d6eb6111802f3aa9fef29e1"},
    {file = "grpcio-1.70.0-cp311-cp311-linux_armv7l.whl", hash = "sha256:17325b0be0c068f35770f944124e8839ea3185d6d54862800fc28cc2ffad205a"},
    {file = "grpcio-1.70.0-cp311-cp311-macosx_10_14_universal2.whl", hash = "sha256:dbe41ad140df911e796d4463168e33ef80a24f5d21ef4d1e310553fcd2c4a386"},
    {file = "grpcio-1.70.0-cp311-cp311-manylinux_2_17_aarch64.whl", hash = "sha256:5ea67c72101d687d44d9c56068328da39c9ccba634cabb336075fae2eab0d04b"},
    {file = "grpcio-1.70.0-cp311-cp311-manylinux_2_17_i686.manylinux2014_i686.whl", hash = "sha256:cb5277db254ab7586769e490b7b22f4ddab3876c490da0a1a9d7c695ccf0bf77"},
    {file = "grpcio-1.70.0-cp311-cp311-manylinux_2_17_x86_64.manylinux2014_x86_64.whl", hash = "sha256:e7831a0fc1beeeb7759f737f5acd9fdcda520e955049512d68fda03d91186eea"},
    {file = "grpcio-1.70.0-cp311-cp311-musllinux_1_1_i686.whl", hash = "sha256:27cc75e22c5dba1fbaf5a66c778e36ca9b8ce850bf58a9db887754593080d839"},
    {file = "grpcio-1.70.0-cp311-cp311-musllinux_1_1_x86_64.whl", hash = "sha256:d63764963412e22f0491d0d32833d71087288f4e24cbcddbae82476bfa1d81fd"},
    {file = "grpcio-1.70.0-cp311-cp311-win32.whl", hash = "sha256:bb491125103c800ec209d84c9b51f1c60ea456038e4734688004f377cfacc113"},
    {file = "grpcio-1.70.0-cp311-cp311-win_amd64.whl", hash = "sha256:d24035d49e026353eb042bf7b058fb831db3e06d52bee75c5f2f3ab453e71aca"},
    {file = "grpcio-1.70.0-cp312-cp312-linux_armv7l.whl", hash = "sha256:ef4c14508299b1406c32bdbb9fb7b47612ab979b04cf2b27686ea31882387cff"},
    {file = "grpcio-1.70.0-cp312-cp312-macosx_10_14_universal2.whl", hash = "sha256:aa47688a65643afd8b166928a1da6247d3f46a2784d301e48ca1cc394d2ffb40"},
    {file = "grpcio-1.70.0-cp312-cp312-manylinux_2_17_aarch64.whl", hash = "sha256:880bfb43b1bb8905701b926274eafce5c70a105bc6b99e25f62e98ad59cb278e"},
    {file = "grpcio-1.70.0-cp312-cp312-manylinux_2_17_i686.manylinux2014_i686.whl", hash = "sha256:9e654c4b17d07eab259d392e12b149c3a134ec52b11ecdc6a515b39aceeec898"},
    {file = "grpcio-1.70.0-cp312-cp312-manylinux_2_17_x86_64.manylinux2014_x86_64.whl", hash = "sha256:2394e3381071045a706ee2eeb6e08962dd87e8999b90ac15c55f56fa5a8c9597"},
    {file = "grpcio-1.70.0-cp312-cp312-musllinux_1_1_i686.whl", hash = "sha256:b3c76701428d2df01964bc6479422f20e62fcbc0a37d82ebd58050b86926ef8c"},
    {file = "grpcio-1.70.0-cp312-cp312-musllinux_1_1_x86_64.whl", hash = "sha256:ac073fe1c4cd856ebcf49e9ed6240f4f84d7a4e6ee95baa5d66ea05d3dd0df7f"},
    {file = "grpcio-1.70.0-cp312-cp312-win32.whl", hash = "sha256:cd24d2d9d380fbbee7a5ac86afe9787813f285e684b0271599f95a51bce33528"},
    {file = "grpcio-1.70.0-cp312-cp312-win_amd64.whl", hash = "sha256:0495c86a55a04a874c7627fd33e5beaee771917d92c0e6d9d797628ac40e7655"},
    {file = "grpcio-1.70.0-cp313-cp313-linux_armv7l.whl", hash = "sha256:aa573896aeb7d7ce10b1fa425ba263e8dddd83d71530d1322fd3a16f31257b4a"},
    {file = "grpcio-1.70.0-cp313-cp313-macosx_10_14_universal2.whl", hash = "sha256:d405b005018fd516c9ac529f4b4122342f60ec1cee181788249372524e6db429"},
    {file = "grpcio-1.70.0-cp313-cp313-manylinux_2_17_aarch64.whl", hash = "sha256:f32090238b720eb585248654db8e3afc87b48d26ac423c8dde8334a232ff53c9"},
    {file = "grpcio-1.70.0-cp313-cp313-manylinux_2_17_i686.manylinux2014_i686.whl", hash = "sha256:dfa089a734f24ee5f6880c83d043e4f46bf812fcea5181dcb3a572db1e79e01c"},
    {file = "grpcio-1.70.0-cp313-cp313-manylinux_2_17_x86_64.manylinux2014_x86_64.whl", hash = "sha256:f19375f0300b96c0117aca118d400e76fede6db6e91f3c34b7b035822e06c35f"},
    {file = "grpcio-1.70.0-cp313-cp313-musllinux_1_1_i686.whl", hash = "sha256:7c73c42102e4a5ec76608d9b60227d917cea46dff4d11d372f64cbeb56d259d0"},
    {file = "grpcio-1.70.0-cp313-cp313-musllinux_1_1_x86_64.whl", hash = "sha256:0a5c78d5198a1f0aa60006cd6eb1c912b4a1520b6a3968e677dbcba215fabb40"},
    {file = "grpcio-1.70.0-cp313-cp313-win32.whl", hash = "sha256:fe9dbd916df3b60e865258a8c72ac98f3ac9e2a9542dcb72b7a34d236242a5ce"},
    {file = "grpcio-1.70.0-cp313-cp313-win_amd64.whl", hash = "sha256:4119fed8abb7ff6c32e3d2255301e59c316c22d31ab812b3fbcbaf3d0d87cc68"},
    {file = "grpcio-1.70.0-cp38-cp38-linux_armv7l.whl", hash = "sha256:8058667a755f97407fca257c844018b80004ae8035565ebc2812cc550110718d"},
    {file = "grpcio-1.70.0-cp38-cp38-macosx_10_14_universal2.whl", hash = "sha256:879a61bf52ff8ccacbedf534665bb5478ec8e86ad483e76fe4f729aaef867cab"},
    {file = "grpcio-1.70.0-cp38-cp38-manylinux_2_17_aarch64.whl", hash = "sha256:0ba0a173f4feacf90ee618fbc1a27956bfd21260cd31ced9bc707ef551ff7dc7"},
    {file = "grpcio-1.70.0-cp38-cp38-manylinux_2_17_i686.manylinux2014_i686.whl", hash = "sha256:558c386ecb0148f4f99b1a65160f9d4b790ed3163e8610d11db47838d452512d"},
    {file = "grpcio-1.70.0-cp38-cp38-manylinux_2_17_x86_64.manylinux2014_x86_64.whl", hash = "sha256:412faabcc787bbc826f51be261ae5fa996b21263de5368a55dc2cf824dc5090e"},
    {file = "grpcio-1.70.0-cp38-cp38-musllinux_1_1_i686.whl", hash = "sha256:3b0f01f6ed9994d7a0b27eeddea43ceac1b7e6f3f9d86aeec0f0064b8cf50fdb"},
    {file = "grpcio-1.70.0-cp38-cp38-musllinux_1_1_x86_64.whl", hash = "sha256:7385b1cb064734005204bc8994eed7dcb801ed6c2eda283f613ad8c6c75cf873"},
    {file = "grpcio-1.70.0-cp38-cp38-win32.whl", hash = "sha256:07269ff4940f6fb6710951116a04cd70284da86d0a4368fd5a3b552744511f5a"},
    {file = "grpcio-1.70.0-cp38-cp38-win_amd64.whl", hash = "sha256:aba19419aef9b254e15011b230a180e26e0f6864c90406fdbc255f01d83bc83c"},
    {file = "grpcio-1.70.0-cp39-cp39-linux_armv7l.whl", hash = "sha256:4f1937f47c77392ccd555728f564a49128b6a197a05a5cd527b796d36f3387d0"},
    {file = "grpcio-1.70.0-cp39-cp39-macosx_10_14_universal2.whl", hash = "sha256:0cd430b9215a15c10b0e7d78f51e8a39d6cf2ea819fd635a7214fae600b1da27"},
    {file = "grpcio-1.70.0-cp39-cp39-manylinux_2_17_aarch64.whl", hash = "sha256:e27585831aa6b57b9250abaf147003e126cd3a6c6ca0c531a01996f31709bed1"},
    {file = "grpcio-1.70.0-cp39-cp39-manylinux_2_17_i686.manylinux2014_i686.whl", hash = "sha256:c1af8e15b0f0fe0eac75195992a63df17579553b0c4af9f8362cc7cc99ccddf4"},
    {file = "grpcio-1.70.0-cp39-cp39-manylinux_2_17_x86_64.manylinux2014_x86_64.whl", hash = "sha256:cbce24409beaee911c574a3d75d12ffb8c3e3dd1b813321b1d7a96bbcac46bf4"},
    {file = "grpcio-1.70.0-cp39-cp39-musllinux_1_1_i686.whl", hash = "sha256:ff4a8112a79464919bb21c18e956c54add43ec9a4850e3949da54f61c241a4a6"},
    {file = "grpcio-1.70.0-cp39-cp39-musllinux_1_1_x86_64.whl", hash = "sha256:5413549fdf0b14046c545e19cfc4eb1e37e9e1ebba0ca390a8d4e9963cab44d2"},
    {file = "grpcio-1.70.0-cp39-cp39-win32.whl", hash = "sha256:b745d2c41b27650095e81dea7091668c040457483c9bdb5d0d9de8f8eb25e59f"},
    {file = "grpcio-1.70.0-cp39-cp39-win_amd64.whl", hash = "sha256:a31d7e3b529c94e930a117b2175b2efd179d96eb3c7a21ccb0289a8ab05b645c"},
    {file = "grpcio-1.70.0.tar.gz", hash = "sha256:8d1584a68d5922330025881e63a6c1b54cc8117291d382e4fa69339b6d914c56"},
]

[package.extras]
protobuf = ["grpcio-tools (>=1.70.0)"]

[[package]]
name = "grpcio-tools"
version = "1.68.1"
description = "Protobuf code generator for gRPC"
optional = false
python-versions = ">=3.8"
files = [
    {file = "grpcio_tools-1.68.1-cp310-cp310-linux_armv7l.whl", hash = "sha256:3a93ea324c5cbccdff55110777410d026dc1e69c3d47684ac97f57f7a77b9c70"},
    {file = "grpcio_tools-1.68.1-cp310-cp310-macosx_12_0_universal2.whl", hash = "sha256:94cbfb9482cfd7bdb5f081b94fa137a16e4fe031daa57a2cd85d8cb4e18dce25"},
    {file = "grpcio_tools-1.68.1-cp310-cp310-manylinux_2_17_aarch64.whl", hash = "sha256:bbe7e1641859c858d0f4631f7f7c09e7302433f1aa037028d2419c1410945fac"},
    {file = "grpcio_tools-1.68.1-cp310-cp310-manylinux_2_17_i686.manylinux2014_i686.whl", hash = "sha256:55c0f91c4294c5807796ed26af42509f3d68497942a92d9ee9f43b08768d6c3c"},
    {file = "grpcio_tools-1.68.1-cp310-cp310-manylinux_2_17_x86_64.manylinux2014_x86_64.whl", hash = "sha256:85adc798fd3b57ab3e998b5897c5daab6840211ac16cdf3ba99901cb9b90094a"},
    {file = "grpcio_tools-1.68.1-cp310-cp310-musllinux_1_1_i686.whl", hash = "sha256:f0bdccb00709bf6180a80a353a99fa844cc0bb2d450cdf7fc6ab22c988bb6b4c"},
    {file = "grpcio_tools-1.68.1-cp310-cp310-musllinux_1_1_x86_64.whl", hash = "sha256:2465e4d347b35dc0c007e074c79d5ded0a89c3aa26651e690f83593e0cc28af8"},
    {file = "grpcio_tools-1.68.1-cp310-cp310-win32.whl", hash = "sha256:83c124a1776c1027da7d36584c8044cfed7a9f10e90f08dafde8d2a4cb822319"},
    {file = "grpcio_tools-1.68.1-cp310-cp310-win_amd64.whl", hash = "sha256:283fd1359d619d42c3346f1d8f0a70636a036a421178803a1ab8083fa4228a38"},
    {file = "grpcio_tools-1.68.1-cp311-cp311-linux_armv7l.whl", hash = "sha256:02f04de42834129eb54bb12469160ab631a0395d6a2b77975381c02b994086c3"},
    {file = "grpcio_tools-1.68.1-cp311-cp311-macosx_10_9_universal2.whl", hash = "sha256:92b6aab37095879ef9ee428dd171740ff794f4c7a66bc1cc7280cd0051f8cd96"},
    {file = "grpcio_tools-1.68.1-cp311-cp311-manylinux_2_17_aarch64.whl", hash = "sha256:1f0ac6ac5e1e33b998511981b3ef36489501833413354f3597b97a3452d7d7ba"},
    {file = "grpcio_tools-1.68.1-cp311-cp311-manylinux_2_17_i686.manylinux2014_i686.whl", hash = "sha256:28e0bca3a262af86557f30e30ddf2fadc2324ee05cd7352716924cc7f83541f1"},
    {file = "grpcio_tools-1.68.1-cp311-cp311-manylinux_2_17_x86_64.manylinux2014_x86_64.whl", hash = "sha256:12239cf5ca6b7b4937103953cf35c49683d935e32e98596fe52dd35168aa86e6"},
    {file = "grpcio_tools-1.68.1-cp311-cp311-musllinux_1_1_i686.whl", hash = "sha256:8e48d8884fcf6b182c73d0560a183404458e30a0f479918b88ca8fbd48b8b05f"},
    {file = "grpcio_tools-1.68.1-cp311-cp311-musllinux_1_1_x86_64.whl", hash = "sha256:e4e8059469847441855322da16fa2c0f9787b996c237a98778210e31188a8652"},
    {file = "grpcio_tools-1.68.1-cp311-cp311-win32.whl", hash = "sha256:21815d54a83effbd2600d16382a7897298cfeffe578557fc9a47b642cc8ddafe"},
    {file = "grpcio_tools-1.68.1-cp311-cp311-win_amd64.whl", hash = "sha256:2114528723d9f12d3e24af3d433ec6f140deea1dd64d3bb1b4ebced217f1867c"},
    {file = "grpcio_tools-1.68.1-cp312-cp312-linux_armv7l.whl", hash = "sha256:d67a9d1ad22ff0d22715dba1d5f8f23ebd47cea84ccd20c90bf4690d988adc5b"},
    {file = "grpcio_tools-1.68.1-cp312-cp312-macosx_10_9_universal2.whl", hash = "sha256:c7f1e704ff73eb01afac51b63b74868a35aaa5d6f791fc63bd41af44a51aa232"},
    {file = "grpcio_tools-1.68.1-cp312-cp312-manylinux_2_17_aarch64.whl", hash = "sha256:e9f69988bd77db014795511c498e89a0db24bd47877e65921364114f88de3bee"},
    {file = "grpcio_tools-1.68.1-cp312-cp312-manylinux_2_17_i686.manylinux2014_i686.whl", hash = "sha256:8585ec7d11fcc2bb635b39605a4466ca9fa28dbae0c184fe58f456da72cb9031"},
    {file = "grpcio_tools-1.68.1-cp312-cp312-manylinux_2_17_x86_64.manylinux2014_x86_64.whl", hash = "sha256:c81d0be6c46fcbcd2cd126804060a95531cdf6d779436b2fbc68c8b4a7db2dc1"},
    {file = "grpcio_tools-1.68.1-cp312-cp312-musllinux_1_1_i686.whl", hash = "sha256:6efdb02e75baf289935b5dad665f0e0f7c3311d86aae0cd2c709e2a8a34bb620"},
    {file = "grpcio_tools-1.68.1-cp312-cp312-musllinux_1_1_x86_64.whl", hash = "sha256:8ea367639e771e5a05f7320eb4ae2b27e09d2ec3baeae9819d1c590cc7eaaa08"},
    {file = "grpcio_tools-1.68.1-cp312-cp312-win32.whl", hash = "sha256:a5b1021c9942bba7eca1555061e2d308f506198088a3a539fcb3633499c6635f"},
    {file = "grpcio_tools-1.68.1-cp312-cp312-win_amd64.whl", hash = "sha256:315ad9c28940c95e85e57aeca309d298113175c2d5e8221501a05a51072f5477"},
    {file = "grpcio_tools-1.68.1-cp313-cp313-linux_armv7l.whl", hash = "sha256:67e49b5ede0cc8a0f988f41f7b72f6bc03180aecdb5213bd985bc1bbfd9ffdac"},
    {file = "grpcio_tools-1.68.1-cp313-cp313-macosx_10_13_universal2.whl", hash = "sha256:b78e38f953062d45ff92ec940da292dc9bfbf26de492c8dc44e12b13493a8e80"},
    {file = "grpcio_tools-1.68.1-cp313-cp313-manylinux_2_17_aarch64.whl", hash = "sha256:8ebe9df5bab4121e8f51e013a379be2027179a0c8013e89d686a1e5800e9c205"},
    {file = "grpcio_tools-1.68.1-cp313-cp313-manylinux_2_17_i686.manylinux2014_i686.whl", hash = "sha256:be553e3ea7447ed9e2e2d089f3b0a77000e86d2681b3c77498c98dddffc62d22"},
    {file = "grpcio_tools-1.68.1-cp313-cp313-manylinux_2_17_x86_64.manylinux2014_x86_64.whl", hash = "sha256:d4877f3eabb6185b5691f5218fedc86a84a833734847a294048862ec910a2854"},
    {file = "grpcio_tools-1.68.1-cp313-cp313-musllinux_1_1_i686.whl", hash = "sha256:b98173e536e8f2779eff84a03409cca6497dc1fad3d10a47c8d881b2cb36259b"},
    {file = "grpcio_tools-1.68.1-cp313-cp313-musllinux_1_1_x86_64.whl", hash = "sha256:5b64035dcd0df70acf3af972c3f103b0ce141d29732fd94eaa8b38cf7c8e62fe"},
    {file = "grpcio_tools-1.68.1-cp313-cp313-win32.whl", hash = "sha256:573f3ed3276df20c308797ae834ac6c5595b1dd2953b243eedadbcd986a287d7"},
    {file = "grpcio_tools-1.68.1-cp313-cp313-win_amd64.whl", hash = "sha256:c4539c6231015c40db879fbc0feaaf03adb4275c1bd2b4dd26e2323f2a13655a"},
    {file = "grpcio_tools-1.68.1-cp38-cp38-linux_armv7l.whl", hash = "sha256:3e0fc6dbc64efc7bb0fe23ce46587e0cbeb512142d543834c2bc9100c8f255ff"},
    {file = "grpcio_tools-1.68.1-cp38-cp38-macosx_10_9_universal2.whl", hash = "sha256:79337ac1b19610b99f93aa52ae05e5fbf96adbe60d54ecf192af44cc69118d19"},
    {file = "grpcio_tools-1.68.1-cp38-cp38-manylinux_2_17_aarch64.whl", hash = "sha256:eb7cae5f0232aba9057f26a45ef6b0a5633d36627fe49442c0985b6f44b67822"},
    {file = "grpcio_tools-1.68.1-cp38-cp38-manylinux_2_17_i686.manylinux2014_i686.whl", hash = "sha256:25fe1bcbb558a477c525bec9d67e1469d47dddc9430e6e5c0d11f67f08cfc810"},
    {file = "grpcio_tools-1.68.1-cp38-cp38-manylinux_2_17_x86_64.manylinux2014_x86_64.whl", hash = "sha256:1ce901f42037d1ebc7724e721180d03e33163d5acf0a62c52728e6c36117c5e9"},
    {file = "grpcio_tools-1.68.1-cp38-cp38-musllinux_1_1_i686.whl", hash = "sha256:3c213c2208c42dce2a5fc7cfb2b952a3c22ef019812f9f27bd54c6e00ee0720e"},
    {file = "grpcio_tools-1.68.1-cp38-cp38-musllinux_1_1_x86_64.whl", hash = "sha256:ff6ae5031a03ab90e9c508d12914438b73efd44b5eed9946bf8974c453d0ed57"},
    {file = "grpcio_tools-1.68.1-cp38-cp38-win32.whl", hash = "sha256:41e631e72b6b94eb6f3d9cd533c682249f82fc58007c7561f6e521b884a6347e"},
    {file = "grpcio_tools-1.68.1-cp38-cp38-win_amd64.whl", hash = "sha256:69fb93761f116a5b063fb4f6150023c4d785304b37adcebf561b95018f9b40ae"},
    {file = "grpcio_tools-1.68.1-cp39-cp39-linux_armv7l.whl", hash = "sha256:31c703dba465956acb83adc105d61297459d0d14b512441d827f6c040cbffe2b"},
    {file = "grpcio_tools-1.68.1-cp39-cp39-macosx_10_9_universal2.whl", hash = "sha256:1093f441751689d225916e3fe02daf98d2becab688b9e167bd2c38454ec50906"},
    {file = "grpcio_tools-1.68.1-cp39-cp39-manylinux_2_17_aarch64.whl", hash = "sha256:3543b9205e5b88d2280493aa9b55d35ce9cc45b7a0891c9d84c200652802e22a"},
    {file = "grpcio_tools-1.68.1-cp39-cp39-manylinux_2_17_i686.manylinux2014_i686.whl", hash = "sha256:79d575cc5a522b9920d9a07387976fc02d162bdf97ba51cf91fabdca8dfdb491"},
    {file = "grpcio_tools-1.68.1-cp39-cp39-manylinux_2_17_x86_64.manylinux2014_x86_64.whl", hash = "sha256:d546e4a506288d6227acc0eb625039c5e1ad96218c8cfe9ecf661a41e15e442e"},
    {file = "grpcio_tools-1.68.1-cp39-cp39-musllinux_1_1_i686.whl", hash = "sha256:aced9c7a4edbf6eff73720bfa6fefd9053ae294535a488dfb92a372913eda10d"},
    {file = "grpcio_tools-1.68.1-cp39-cp39-musllinux_1_1_x86_64.whl", hash = "sha256:d3c08d1a244b5025ba3f8ef81d0885b431b93cc20bc4560add4cdfcf38c1bfad"},
    {file = "grpcio_tools-1.68.1-cp39-cp39-win32.whl", hash = "sha256:049f05a3f227e9f696059a20b2858e6d7c1cd6037d8471306d7ab7627b1a4ce4"},
    {file = "grpcio_tools-1.68.1-cp39-cp39-win_amd64.whl", hash = "sha256:4c3599c75b1157e6bda24cdbdadb023bf0fe1085aa1e0047a1f35a8778f9b56e"},
    {file = "grpcio_tools-1.68.1.tar.gz", hash = "sha256:2413a17ad16c9c821b36e4a67fc64c37b9e4636ab1c3a07778018801378739ba"},
]

[package.dependencies]
grpcio = ">=1.68.1"
protobuf = ">=5.26.1,<6.0dev"
setuptools = "*"

[[package]]
name = "haybox"
version = "0.1.5"
description = "HayBox firmware config protocol Python library"
optional = false
python-versions = ">=3.8"
files = [
    {file = "haybox-0.1.5-py3-none-any.whl", hash = "sha256:758c2b22d64c1b0243c21f342f6993b1715d089fa381037f906db84ea987e989"},
    {file = "haybox-0.1.5.tar.gz", hash = "sha256:a401fbd2f5820d5be43740697d5c3dd12699462432cb07ece8ee847299c1c702"},
]

[package.dependencies]
cobs = ">=1.2.1,<2.0.0"
protobuf = ">=5.26.1,<6.0.0"
pyserial = ">=3.5,<4.0"

[[package]]
name = "protobuf"
version = "5.27.1"
description = ""
optional = false
python-versions = ">=3.8"
files = [
    {file = "protobuf-5.27.1-cp310-abi3-win32.whl", hash = "sha256:3adc15ec0ff35c5b2d0992f9345b04a540c1e73bfee3ff1643db43cc1d734333"},
    {file = "protobuf-5.27.1-cp310-abi3-win_amd64.whl", hash = "sha256:25236b69ab4ce1bec413fd4b68a15ef8141794427e0b4dc173e9d5d9dffc3bcd"},
    {file = "protobuf-5.27.1-cp38-abi3-macosx_10_9_universal2.whl", hash = "sha256:4e38fc29d7df32e01a41cf118b5a968b1efd46b9c41ff515234e794011c78b17"},
    {file = "protobuf-5.27.1-cp38-abi3-manylinux2014_aarch64.whl", hash = "sha256:917ed03c3eb8a2d51c3496359f5b53b4e4b7e40edfbdd3d3f34336e0eef6825a"},
    {file = "protobuf-5.27.1-cp38-abi3-manylinux2014_x86_64.whl", hash = "sha256:ee52874a9e69a30271649be88ecbe69d374232e8fd0b4e4b0aaaa87f429f1631"},
    {file = "protobuf-5.27.1-cp38-cp38-win32.whl", hash = "sha256:7a97b9c5aed86b9ca289eb5148df6c208ab5bb6906930590961e08f097258107"},
    {file = "protobuf-5.27.1-cp38-cp38-win_amd64.whl", hash = "sha256:f6abd0f69968792da7460d3c2cfa7d94fd74e1c21df321eb6345b963f9ec3d8d"},
    {file = "protobuf-5.27.1-cp39-cp39-win32.whl", hash = "sha256:dfddb7537f789002cc4eb00752c92e67885badcc7005566f2c5de9d969d3282d"},
    {file = "protobuf-5.27.1-cp39-cp39-win_amd64.whl", hash = "sha256:39309898b912ca6febb0084ea912e976482834f401be35840a008da12d189340"},
    {file = "protobuf-5.27.1-py3-none-any.whl", hash = "sha256:4ac7249a1530a2ed50e24201d6630125ced04b30619262f06224616e0030b6cf"},
    {file = "protobuf-5.27.1.tar.gz", hash = "sha256:df5e5b8e39b7d1c25b186ffdf9f44f40f810bbcc9d2b71d9d3156fee5a9adf15"},
]

[[package]]
name = "pyserial"
version = "3.5"
description = "Python Serial Port Extension"
optional = false
python-versions = "*"
files = [
    {file = "pyserial-3.5-py2.py3-none-any.whl", hash = "sha256:c4451db6ba391ca6ca299fb3ec7bae67a5c55dde170964c7a14ceefec02f2cf0"},
    {file = "pyserial-3.5.tar.gz", hash = "sha256:3c77e014170dfffbd816e6ffc205e9842efb10be9f58ec16d3e8675b4925cddb"},
]

[package.extras]
cp2110 = ["hidapi"]

[[package]]
name = "setuptools"
version = "70.0.0"
description = "Easily download, build, install, upgrade, and uninstall Python packages"
optional = false
python-versions = ">=3.8"
files = [
    {file = "setuptools-70.0.0-py3-none-any.whl", hash = "sha256:54faa7f2e8d2d11bcd2c07bed282eef1046b5c080d1c32add737d7b5817b1ad4"},
    {file = "setuptools-70.0.0.tar.gz", hash = "sha256:f211a66637b8fa059bb28183da127d4e86396c991a942b028c6650d4319c3fd0"},
]

[package.extras]
docs = ["furo", "jaraco.packaging (>=9.3)", "jaraco.tidelift (>=1.4)", "pygments-github-lexers (==0.0.5)", "pyproject-hooks (!=1.1)", "rst.linker (>=1.9)", "sphinx (>=3.5)", "sphinx-favicon", "sphinx-inline-tabs", "sphinx-lint", "sphinx-notfound-page (>=1,<2)", "sphinx-reredirects", "sphinxcontrib-towncrier"]
testing = ["build[virtualenv] (>=1.0.3)", "filelock (>=3.4.0)", "importlib-metadata", "ini2toml[lite] (>=0.14)", "jaraco.develop (>=7.21)", "jaraco.envs (>=2.2)", "jaraco.path (>=3.2.0)", "mypy (==1.9)", "packaging (>=23.2)", "pip (>=19.1)", "pyproject-hooks (!=1.1)", "pytest (>=6,!=8.1.1)", "pytest-checkdocs (>=2.4)", "pytest-cov", "pytest-enabler (>=2.2)", "pytest-home (>=0.5)", "pytest-mypy", "pytest-perf", "pytest-ruff (>=0.2.1)", "pytest-subprocess", "pytest-timeout", "pytest-xdist (>=3)", "tomli", "tomli-w (>=1.0.0)", "virtualenv (>=13.0.0)", "wheel"]

[metadata]
lock-version = "2.0"
python-versions = "^3.9"
content-hash = "a387cd13688a0ba5b1b1e474d40dad857a688bc423f86dbece7cb429eeef16e3"
