# This file is automatically @generated by Poetry 1.8.3 and should not be changed by hand.

[[package]]
name = "click"
version = "8.1.7"
description = "Composable command line interface toolkit"
optional = false
python-versions = ">=3.7"
files = [
    {file = "click-8.1.7-py3-none-any.whl", hash = "sha256:ae74fb96c20a0277a1d615f1e4d73c8414f5a98db8b799a7931d1582f3390c28"},
    {file = "click-8.1.7.tar.gz", hash = "sha256:ca9853ad459e787e2192211578cc907e7594e294c7ccc834310722b41b9ca6de"},
]

[package.dependencies]
colorama = {version = "*", markers = "platform_system == \"Windows\""}

[[package]]
name = "cobs"
version = "1.2.1"
description = "Consistent Overhead Byte Stuffing (COBS)"
optional = false
python-versions = ">=3.6"
files = [
    {file = "cobs-1.2.1-cp310-cp310-win32.whl", hash = "sha256:54f8ea75af41ef17a6aa74089f15060c3413409322fbdd1263e028a91a87bdf0"},
    {file = "cobs-1.2.1-cp310-cp310-win_amd64.whl", hash = "sha256:e4107c15eefa5f3ce15e5fa3f7fd6d3aa81be839140f35943fb42b8d86e5125e"},
    {file = "cobs-1.2.1-cp311-cp311-win32.whl", hash = "sha256:f6ab84b1c975e144a83e11c454066e282374e776a1a79eedd06d0151297ae2f3"},
    {file = "cobs-1.2.1-cp311-cp311-win_amd64.whl", hash = "sha256:046933f36200f4163abd938adcb1500c1a7a394955ce20c9e3ebb79e78eabfdf"},
    {file = "cobs-1.2.1-cp312-cp312-win32.whl", hash = "sha256:141107fb3b764772f6db6a52af8158457e00e499f75e3794cb67ea11444839c5"},
    {file = "cobs-1.2.1-cp312-cp312-win_amd64.whl", hash = "sha256:cb02967314f0db41bf04bc475e4963c079912884586003c8290d82cd0f07d621"},
    {file = "cobs-1.2.1.tar.gz", hash = "sha256:2af7f8791cde1ae7c6b936f5d0c35fe29feb10de25f79c15b0af0d6729783cc0"},
]

[[package]]
name = "colorama"
version = "0.4.6"
description = "Cross-platform colored terminal text."
optional = false
python-versions = "!=3.0.*,!=3.1.*,!=3.2.*,!=3.3.*,!=3.4.*,!=3.5.*,!=3.6.*,>=2.7"
files = [
    {file = "colorama-0.4.6-py2.py3-none-any.whl", hash = "sha256:4f1d9991f5acc0ca119f9d443620b77f9d6b33703e51011c16baf57afb285fc6"},
    {file = "colorama-0.4.6.tar.gz", hash = "sha256:08695f5cb7ed6e0531a20572697297273c47b8cae5a63ffc6d6ed5c201be6e44"},
]

[[package]]
name = "grpcio"
version = "1.65.0"
description = "HTTP/2-based RPC framework"
optional = false
python-versions = ">=3.8"
files = [
    {file = "grpcio-1.65.0-cp310-cp310-linux_armv7l.whl", hash = "sha256:66ea0ca6108fcb391444bb7b37d04eac85bfaea1cfaf16db675d3734fc74ca1b"},
    {file = "grpcio-1.65.0-cp310-cp310-macosx_12_0_universal2.whl", hash = "sha256:45d371dc4436fdcc31677f75b3ebe6175fbf0712ced49e0e4dfc18bbaf50f5a7"},
    {file = "grpcio-1.65.0-cp310-cp310-manylinux_2_17_aarch64.whl", hash = "sha256:02dbbe113ec48581da07b7ddf52bfd49f5772374c4b5e36ea25131ce00b4f4f3"},
    {file = "grpcio-1.65.0-cp310-cp310-manylinux_2_17_i686.manylinux2014_i686.whl", hash = "sha256:5c9ee7b8f1ac82cc24f223cd7ec803c17079f90e63022d3e66c5e53fff0afb99"},
    {file = "grpcio-1.65.0-cp310-cp310-manylinux_2_17_x86_64.manylinux2014_x86_64.whl", hash = "sha256:da927f8a44e42837ae0027a3a063c85e2b26491d2babd4554e116f66fd46045d"},
    {file = "grpcio-1.65.0-cp310-cp310-musllinux_1_1_i686.whl", hash = "sha256:9916ea670a589f95f2453a4a5040294ace096271c126e684a1e45e61af76c988"},
    {file = "grpcio-1.65.0-cp310-cp310-musllinux_1_1_x86_64.whl", hash = "sha256:c46114787c5f530e845d2781f914600aade04b4f132dd012efb31bc4f76a72bb"},
    {file = "grpcio-1.65.0-cp310-cp310-win32.whl", hash = "sha256:1362d94ac9c05b202736180d23296840e00f495859b206261e6ed03a6d41978b"},
    {file = "grpcio-1.65.0-cp310-cp310-win_amd64.whl", hash = "sha256:00ed0828980009ce852d98230cdd2d5a22a4bcb946b5a0f6334dfd8258374cd7"},
    {file = "grpcio-1.65.0-cp311-cp311-linux_armv7l.whl", hash = "sha256:25303f3747522252dd9cfcbacb88d828a36040f513e28fba17ee6184ebc3d330"},
    {file = "grpcio-1.65.0-cp311-cp311-macosx_10_9_universal2.whl", hash = "sha256:2a2b368717dd8e0f6cb7e412d3b3bfb0012f61c04b2f76dbed669b0f5cf3fb0c"},
    {file = "grpcio-1.65.0-cp311-cp311-manylinux_2_17_aarch64.whl", hash = "sha256:93c41fb74c576dc0130b190a5775197282115c6abbe1d913d42d9a2f9d98fdae"},
    {file = "grpcio-1.65.0-cp311-cp311-manylinux_2_17_i686.manylinux2014_i686.whl", hash = "sha256:34eb4fb9ef4d11ea741d264916d1b31a9e169d539a6f1c8300e04c493eec747e"},
    {file = "grpcio-1.65.0-cp311-cp311-manylinux_2_17_x86_64.manylinux2014_x86_64.whl", hash = "sha256:55c41272f9d7d3503e3e3e93f3f98589f07075eebd24e1c291a1df2e8ef40a49"},
    {file = "grpcio-1.65.0-cp311-cp311-musllinux_1_1_i686.whl", hash = "sha256:c275bac926754022c89ef03f16470f65b811e2cc25f2167d365564ad43e31001"},
    {file = "grpcio-1.65.0-cp311-cp311-musllinux_1_1_x86_64.whl", hash = "sha256:b02db2a59071f4d05cfc4d0c972759778d27e1d3347f22ca178b91117ad10541"},
    {file = "grpcio-1.65.0-cp311-cp311-win32.whl", hash = "sha256:ec9f41b9b0eb6407a6edb21bc22cb32e03cae76cde9c1d8bb151ed77c2c5af94"},
    {file = "grpcio-1.65.0-cp311-cp311-win_amd64.whl", hash = "sha256:3efc8b0600870f5e518dd2738188b3ba7b1bb2668244c9a2a8c4debda4ffe62b"},
    {file = "grpcio-1.65.0-cp312-cp312-linux_armv7l.whl", hash = "sha256:d787abafafa9ed71e17220d4178c883abdb380e0484bd8965cb2e06375c7495b"},
    {file = "grpcio-1.65.0-cp312-cp312-macosx_10_9_universal2.whl", hash = "sha256:52347f21d6ec77d7e7e4d5037f5e8ac0a0c851856d9459f9f95b009c2c740b4a"},
    {file = "grpcio-1.65.0-cp312-cp312-manylinux_2_17_aarch64.whl", hash = "sha256:b16e1cd9b9cb9ac942cb20b7a2b1c5d35b9e61017e2998bf242a6f7748071795"},
    {file = "grpcio-1.65.0-cp312-cp312-manylinux_2_17_i686.manylinux2014_i686.whl", hash = "sha256:89bc9c8c6743a48f115fea8f3fada76be269d1914bf636e5fdb7cec9cdf192bc"},
    {file = "grpcio-1.65.0-cp312-cp312-manylinux_2_17_x86_64.manylinux2014_x86_64.whl", hash = "sha256:c5a2ae900e6423438c4a9a5be38e9228621340a18333371215c0419d24a254ef"},
    {file = "grpcio-1.65.0-cp312-cp312-musllinux_1_1_i686.whl", hash = "sha256:4f451091ddd28f00c655f0b1e208cca705d40e4fde56a3cf849fead61a700d10"},
    {file = "grpcio-1.65.0-cp312-cp312-musllinux_1_1_x86_64.whl", hash = "sha256:4e30cd885e02abb98d6b0d5beb6259a567b0ce1416c498ec815fe383adb77864"},
    {file = "grpcio-1.65.0-cp312-cp312-win32.whl", hash = "sha256:9a9a0ce10a07923ebd48c056060052ebddfbec3193cdd32207af358ef317b00a"},
    {file = "grpcio-1.65.0-cp312-cp312-win_amd64.whl", hash = "sha256:87d9350ffe1a84b7441db7c70fdb4e51269a379f7a95d696d0d133831c4f9a19"},
    {file = "grpcio-1.65.0-cp38-cp38-linux_armv7l.whl", hash = "sha256:0c504b30fc2fba143d9254e0240243b5866df9b7523162448797f4b21b5f30d5"},
    {file = "grpcio-1.65.0-cp38-cp38-macosx_10_9_universal2.whl", hash = "sha256:480be4d41ceb5a7f22ecfc8db1ab68aeb58cc1a2da0865a91917d3cd0438dac7"},
    {file = "grpcio-1.65.0-cp38-cp38-manylinux_2_17_aarch64.whl", hash = "sha256:984a1627b50d5df4a24120302ca95adb5139ba1c40354ba258fc2913666d8ee7"},
    {file = "grpcio-1.65.0-cp38-cp38-manylinux_2_17_i686.manylinux2014_i686.whl", hash = "sha256:f242956c0f4985dfcc920cd251cd7a899ca168e157e98c9b74a688657e813ad6"},
    {file = "grpcio-1.65.0-cp38-cp38-manylinux_2_17_x86_64.manylinux2014_x86_64.whl", hash = "sha256:7ea93f570b2341c69635b8a333afb99fb4d5584f26a9cc94f06e56c943648aab"},
    {file = "grpcio-1.65.0-cp38-cp38-musllinux_1_1_i686.whl", hash = "sha256:1bebefd76517a43d0e77a5dcd61a8b69e9775340d856a0b35c6368ae628f7714"},
    {file = "grpcio-1.65.0-cp38-cp38-musllinux_1_1_x86_64.whl", hash = "sha256:356d10a491a92a08c21aef806379f7b020f591c23580e3d29aeeb59d45908c86"},
    {file = "grpcio-1.65.0-cp38-cp38-win32.whl", hash = "sha256:c3294fd3ef9faa1fe14ad15d72dd7d2ee9fee6d3bd29a08c53e59a3c94de9cc9"},
    {file = "grpcio-1.65.0-cp38-cp38-win_amd64.whl", hash = "sha256:a2defc49c984550f25034e88d17a7e69dba6deb2b981d8f56f19b3aaa788ff30"},
    {file = "grpcio-1.65.0-cp39-cp39-linux_armv7l.whl", hash = "sha256:b73022222ed4bf718d3d8527a9b88b162074a62c7530d30f4e951b56304b0f19"},
    {file = "grpcio-1.65.0-cp39-cp39-macosx_10_9_universal2.whl", hash = "sha256:16e0f789158ecc8309e0a2f16cb8c5e4753f351a7673aab75f42783c83f1e38b"},
    {file = "grpcio-1.65.0-cp39-cp39-manylinux_2_17_aarch64.whl", hash = "sha256:cb0bd8bfba21fe0318317bf11687c67a3f8ce726369c0b3ccf4e6607fc5bc5f2"},
    {file = "grpcio-1.65.0-cp39-cp39-manylinux_2_17_i686.manylinux2014_i686.whl", hash = "sha256:d1096f0fa79ec601aefd71685d3a610cdde96274c38cd8adcef972660297669a"},
    {file = "grpcio-1.65.0-cp39-cp39-manylinux_2_17_x86_64.manylinux2014_x86_64.whl", hash = "sha256:e576a88ce82fea70e68c548aceb5cd560c27da50091581996858bbbe01230c83"},
    {file = "grpcio-1.65.0-cp39-cp39-musllinux_1_1_i686.whl", hash = "sha256:ab70bd1ccb05ef373b691a9b9985289d8b2cf63c704471f5ee132e228d351af5"},
    {file = "grpcio-1.65.0-cp39-cp39-musllinux_1_1_x86_64.whl", hash = "sha256:03eab632a8ce8dba00d97482d2821bf752a7c3cb4dc051be6c587ad3ca1c3e6d"},
    {file = "grpcio-1.65.0-cp39-cp39-win32.whl", hash = "sha256:f19bb85795ca82e007be427e7b6ac5e730023ffbab69d39ddeb1b84c6339df16"},
    {file = "grpcio-1.65.0-cp39-cp39-win_amd64.whl", hash = "sha256:dbd7eeafa67d8e403ac61caa31ebda2861435dcfd7bb7953c4ef05ad2ecf74bf"},
    {file = "grpcio-1.65.0.tar.gz", hash = "sha256:2c7891f66daefc80cce1bed6bc0c2802d26dac46544ba1be79c4e7d85661dd73"},
]

[package.extras]
protobuf = ["grpcio-tools (>=1.65.0)"]

[[package]]
name = "grpcio-tools"
version = "1.65.0"
description = "Protobuf code generator for gRPC"
optional = false
python-versions = ">=3.8"
files = [
    {file = "grpcio_tools-1.65.0-cp310-cp310-linux_armv7l.whl", hash = "sha256:b05bf6b80ea25436912238761c73045b9c1550f69aa90c82268c9574dcce2ab3"},
    {file = "grpcio_tools-1.65.0-cp310-cp310-macosx_12_0_universal2.whl", hash = "sha256:3a0e5298ecf8c4313de3c8e437f6530715edfc5bdb2ccfff931be7546cd16c1a"},
    {file = "grpcio_tools-1.65.0-cp310-cp310-manylinux_2_17_aarch64.whl", hash = "sha256:5206ce0c5c9f6adfd0fefd8ac01b3c7887c0c4cb2e62892f5d08e9310a60a9e3"},
    {file = "grpcio_tools-1.65.0-cp310-cp310-manylinux_2_17_i686.manylinux2014_i686.whl", hash = "sha256:115ebad1f72f3271fd95a602bd6bfdbd4c1c07056252b9439423919459303e43"},
    {file = "grpcio_tools-1.65.0-cp310-cp310-manylinux_2_17_x86_64.manylinux2014_x86_64.whl", hash = "sha256:d07ffbdd22d6c494a2dcfc26b2f46b98ce97c549de2dbb9c7e46c1339913765e"},
    {file = "grpcio_tools-1.65.0-cp310-cp310-musllinux_1_1_i686.whl", hash = "sha256:2b840a81cf1b4178c98753ce83e7a1933dc8c1a07cfb889758c216353cbd4ccb"},
    {file = "grpcio_tools-1.65.0-cp310-cp310-musllinux_1_1_x86_64.whl", hash = "sha256:5e464498f64a93615df5892af1317c33fc0b86956c5be2a84d2ef2722759674f"},
    {file = "grpcio_tools-1.65.0-cp310-cp310-win32.whl", hash = "sha256:9fa92e0711a67dd85a0512ede276e96536a911972584776a1e6232ceb58a3af6"},
    {file = "grpcio_tools-1.65.0-cp310-cp310-win_amd64.whl", hash = "sha256:f304b55e74049c7694e0ea77a903fedaed59166838b927e9fe986b699f1f5fba"},
    {file = "grpcio_tools-1.65.0-cp311-cp311-linux_armv7l.whl", hash = "sha256:506bbddbb7b1706e0b8892d37e270a878b646077a923d0db5f6c2e04293787d3"},
    {file = "grpcio_tools-1.65.0-cp311-cp311-macosx_10_9_universal2.whl", hash = "sha256:67c718037b7f682d4a2950ee4cca8a4d22d5cfba8f70c46fee5f7f2c03071049"},
    {file = "grpcio_tools-1.65.0-cp311-cp311-manylinux_2_17_aarch64.whl", hash = "sha256:06aa74502c05a1700affb4d2a5a14bd9a6aba43cdf36ee701da610c3b8705417"},
    {file = "grpcio_tools-1.65.0-cp311-cp311-manylinux_2_17_i686.manylinux2014_i686.whl", hash = "sha256:8e5c4dc1dfad795d2a6bb1b7aeede96b48b3cb7a267149409bea9a55d1e032d2"},
    {file = "grpcio_tools-1.65.0-cp311-cp311-manylinux_2_17_x86_64.manylinux2014_x86_64.whl", hash = "sha256:c4f59110355618ef567d8f0405bb893f2c6449617811d8f56bf7c63b720a0415"},
    {file = "grpcio_tools-1.65.0-cp311-cp311-musllinux_1_1_i686.whl", hash = "sha256:c7a7c83c952fe27fe0bf5a23b16b10dcc4f5fa2c938a7912b3da1c2dac49a62b"},
    {file = "grpcio_tools-1.65.0-cp311-cp311-musllinux_1_1_x86_64.whl", hash = "sha256:3c7b7ffb6fb995e9c8291dea3133c62323fd8a744a8e49beb47b5acf52acdf81"},
    {file = "grpcio_tools-1.65.0-cp311-cp311-win32.whl", hash = "sha256:e032fd042dff04895a598c0b31e9ca48a7a1c4d1885e2b260b953b68d49e2c02"},
    {file = "grpcio_tools-1.65.0-cp311-cp311-win_amd64.whl", hash = "sha256:8efa81f554d4e9c1564c5527619ded70e9f5e3768f13cae738ca3fca1889be8f"},
    {file = "grpcio_tools-1.65.0-cp312-cp312-linux_armv7l.whl", hash = "sha256:5301945a73616647fb2ea22fd6504fd94b216e48dcee8dab96295f549fbe0b03"},
    {file = "grpcio_tools-1.65.0-cp312-cp312-macosx_10_9_universal2.whl", hash = "sha256:1ed96386a82a3d126d846120ce62053babbac6ca985794769e701bd2d19b867e"},
    {file = "grpcio_tools-1.65.0-cp312-cp312-manylinux_2_17_aarch64.whl", hash = "sha256:fdf04a5a5e3423eddee4344db6d3972d98010e87cc12ead7eb537b7627614d52"},
    {file = "grpcio_tools-1.65.0-cp312-cp312-manylinux_2_17_i686.manylinux2014_i686.whl", hash = "sha256:a70e3e01f06159b191991cf7b08782c40a1027386fdbf0f0bac9f77a3b35db1f"},
    {file = "grpcio_tools-1.65.0-cp312-cp312-manylinux_2_17_x86_64.manylinux2014_x86_64.whl", hash = "sha256:d1e62b760edffe8538c750faacc3a722c62426b871a2b22fb08071a159c97c43"},
    {file = "grpcio_tools-1.65.0-cp312-cp312-musllinux_1_1_i686.whl", hash = "sha256:cd9a1a445a97cce920d09973152ef2045aef1e3b63de398e0bfd79bd1d9d8892"},
    {file = "grpcio_tools-1.65.0-cp312-cp312-musllinux_1_1_x86_64.whl", hash = "sha256:a5f12d2ea8cdbeb060a07436fcf9bf7263f0b734b80bfad6782b3e861d9ff31a"},
    {file = "grpcio_tools-1.65.0-cp312-cp312-win32.whl", hash = "sha256:100df8d3f4bbc5adce711e7ff688e488dea7a8f38a0bb7b01450ab9c001825e7"},
    {file = "grpcio_tools-1.65.0-cp312-cp312-win_amd64.whl", hash = "sha256:d9dedc199102b316f6360f0c01644df6786bfddbffa779e67f02a2f26ccc2d2e"},
    {file = "grpcio_tools-1.65.0-cp38-cp38-linux_armv7l.whl", hash = "sha256:bba4b2940c05ace08166c19089d1660c47a4011fde4a7508dd0bde6170166fdf"},
    {file = "grpcio_tools-1.65.0-cp38-cp38-macosx_10_9_universal2.whl", hash = "sha256:2ef78234af38fe1f15bd0e1e043f7a80fac68fef1484dc6093dbbe38e2b0db2f"},
    {file = "grpcio_tools-1.65.0-cp38-cp38-manylinux_2_17_aarch64.whl", hash = "sha256:dc719d0dcf54f237ef78da60511de63c486ea85f4f6299279370b1315404559e"},
    {file = "grpcio_tools-1.65.0-cp38-cp38-manylinux_2_17_i686.manylinux2014_i686.whl", hash = "sha256:7c09cf752e204ff2fd372e37e053d72cdeff0e48ac0d51d1d07fe22ae1130688"},
    {file = "grpcio_tools-1.65.0-cp38-cp38-manylinux_2_17_x86_64.manylinux2014_x86_64.whl", hash = "sha256:35ec462127aa080c0e2b6d82f2bea47bdb09066419c6ee7652b3545f9ed59be4"},
    {file = "grpcio_tools-1.65.0-cp38-cp38-musllinux_1_1_i686.whl", hash = "sha256:2b8c62fb45656fa86e81486b676e1c90dc91c9b556be5df019fb599aa160a15e"},
    {file = "grpcio_tools-1.65.0-cp38-cp38-musllinux_1_1_x86_64.whl", hash = "sha256:de02f57fcd2df005b38ba4fc366403c7cc68c7b867ae8e57a71eb6bbd5bc35d8"},
    {file = "grpcio_tools-1.65.0-cp38-cp38-win32.whl", hash = "sha256:9801496639e3612601e315c269439c35203999e1ccc6f045d1d167100a553da2"},
    {file = "grpcio_tools-1.65.0-cp38-cp38-win_amd64.whl", hash = "sha256:54897bb8264c500c7274e4e664bbc622c85f69626fa45b7823a8814dc668a1ee"},
    {file = "grpcio_tools-1.65.0-cp39-cp39-linux_armv7l.whl", hash = "sha256:9c9a3b7d9c2f72b4400f732223e0055d32748ea1adba03d61085100a6528e505"},
    {file = "grpcio_tools-1.65.0-cp39-cp39-macosx_10_9_universal2.whl", hash = "sha256:78b96cea70a79e65a1d46e23108bed9e6d3f60ceee14420f2d23b600a55e27e8"},
    {file = "grpcio_tools-1.65.0-cp39-cp39-manylinux_2_17_aarch64.whl", hash = "sha256:e6c574504c3caf576fe8233dc35bce5f45faf9e6787469652d92f585cec74e8c"},
    {file = "grpcio_tools-1.65.0-cp39-cp39-manylinux_2_17_i686.manylinux2014_i686.whl", hash = "sha256:5a604ca4ee9e7759d9c61f80c0805964c05019d13d8e2b51cc7cf4524f70cb6a"},
    {file = "grpcio_tools-1.65.0-cp39-cp39-manylinux_2_17_x86_64.manylinux2014_x86_64.whl", hash = "sha256:080f9a7bf435359926ee9cb5b65c1fced24ce5e9a1ab0499a0f356956827ef50"},
    {file = "grpcio_tools-1.65.0-cp39-cp39-musllinux_1_1_i686.whl", hash = "sha256:7b143d3474b84fca1014552be04f678fec65d14feccfb4b4f33739781faa3c9e"},
    {file = "grpcio_tools-1.65.0-cp39-cp39-musllinux_1_1_x86_64.whl", hash = "sha256:e0d722586466346da69be6ee480a5065b09b1d112cfafb8f337dfc90b40d783d"},
    {file = "grpcio_tools-1.65.0-cp39-cp39-win32.whl", hash = "sha256:d37f9f0a301e460a4c7b2b0c3be68589d1009d275d8f6ab3e77800b6d345e8d4"},
    {file = "grpcio_tools-1.65.0-cp39-cp39-win_amd64.whl", hash = "sha256:5928165679a932be73a0b5c37a8a368cef85c18f61c620d164a29f79e36dbd97"},
    {file = "grpcio_tools-1.65.0.tar.gz", hash = "sha256:defb54e2621823c14e4c157d032ba8c1fcec0acb10674eeb5632a334e24f980c"},
]

[package.dependencies]
grpcio = ">=1.65.0"
protobuf = ">=5.26.1,<6.0dev"
setuptools = "*"

[[package]]
name = "haybox"
version = "0.1.4"
description = "HayBox firmware config protocol Python library"
optional = false
python-versions = ">=3.8"
files = [
    {file = "haybox-0.1.4-py3-none-any.whl", hash = "sha256:d35cbbee9e4e0a4316a4181af7e998c6c163c001000930007c07378286d9e610"},
    {file = "haybox-0.1.4.tar.gz", hash = "sha256:0146c30ca6cdff486c2f45184377632a1d6f0a5a8c5363691a858cf114f41e17"},
]

[package.dependencies]
cobs = ">=1.2.1,<2.0.0"
protobuf = ">=5.26.1,<6.0.0"
pyserial = ">=3.5,<4.0"

[[package]]
name = "protobuf"
version = "5.27.1"
description = ""
optional = false
python-versions = ">=3.8"
files = [
    {file = "protobuf-5.27.1-cp310-abi3-win32.whl", hash = "sha256:3adc15ec0ff35c5b2d0992f9345b04a540c1e73bfee3ff1643db43cc1d734333"},
    {file = "protobuf-5.27.1-cp310-abi3-win_amd64.whl", hash = "sha256:25236b69ab4ce1bec413fd4b68a15ef8141794427e0b4dc173e9d5d9dffc3bcd"},
    {file = "protobuf-5.27.1-cp38-abi3-macosx_10_9_universal2.whl", hash = "sha256:4e38fc29d7df32e01a41cf118b5a968b1efd46b9c41ff515234e794011c78b17"},
    {file = "protobuf-5.27.1-cp38-abi3-manylinux2014_aarch64.whl", hash = "sha256:917ed03c3eb8a2d51c3496359f5b53b4e4b7e40edfbdd3d3f34336e0eef6825a"},
    {file = "protobuf-5.27.1-cp38-abi3-manylinux2014_x86_64.whl", hash = "sha256:ee52874a9e69a30271649be88ecbe69d374232e8fd0b4e4b0aaaa87f429f1631"},
    {file = "protobuf-5.27.1-cp38-cp38-win32.whl", hash = "sha256:7a97b9c5aed86b9ca289eb5148df6c208ab5bb6906930590961e08f097258107"},
    {file = "protobuf-5.27.1-cp38-cp38-win_amd64.whl", hash = "sha256:f6abd0f69968792da7460d3c2cfa7d94fd74e1c21df321eb6345b963f9ec3d8d"},
    {file = "protobuf-5.27.1-cp39-cp39-win32.whl", hash = "sha256:dfddb7537f789002cc4eb00752c92e67885badcc7005566f2c5de9d969d3282d"},
    {file = "protobuf-5.27.1-cp39-cp39-win_amd64.whl", hash = "sha256:39309898b912ca6febb0084ea912e976482834f401be35840a008da12d189340"},
    {file = "protobuf-5.27.1-py3-none-any.whl", hash = "sha256:4ac7249a1530a2ed50e24201d6630125ced04b30619262f06224616e0030b6cf"},
    {file = "protobuf-5.27.1.tar.gz", hash = "sha256:df5e5b8e39b7d1c25b186ffdf9f44f40f810bbcc9d2b71d9d3156fee5a9adf15"},
]

[[package]]
name = "pyserial"
version = "3.5"
description = "Python Serial Port Extension"
optional = false
python-versions = "*"
files = [
    {file = "pyserial-3.5-py2.py3-none-any.whl", hash = "sha256:c4451db6ba391ca6ca299fb3ec7bae67a5c55dde170964c7a14ceefec02f2cf0"},
    {file = "pyserial-3.5.tar.gz", hash = "sha256:3c77e014170dfffbd816e6ffc205e9842efb10be9f58ec16d3e8675b4925cddb"},
]

[package.extras]
cp2110 = ["hidapi"]

[[package]]
name = "setuptools"
version = "70.0.0"
description = "Easily download, build, install, upgrade, and uninstall Python packages"
optional = false
python-versions = ">=3.8"
files = [
    {file = "setuptools-70.0.0-py3-none-any.whl", hash = "sha256:54faa7f2e8d2d11bcd2c07bed282eef1046b5c080d1c32add737d7b5817b1ad4"},
    {file = "setuptools-70.0.0.tar.gz", hash = "sha256:f211a66637b8fa059bb28183da127d4e86396c991a942b028c6650d4319c3fd0"},
]

[package.extras]
docs = ["furo", "jaraco.packaging (>=9.3)", "jaraco.tidelift (>=1.4)", "pygments-github-lexers (==0.0.5)", "pyproject-hooks (!=1.1)", "rst.linker (>=1.9)", "sphinx (>=3.5)", "sphinx-favicon", "sphinx-inline-tabs", "sphinx-lint", "sphinx-notfound-page (>=1,<2)", "sphinx-reredirects", "sphinxcontrib-towncrier"]
testing = ["build[virtualenv] (>=1.0.3)", "filelock (>=3.4.0)", "importlib-metadata", "ini2toml[lite] (>=0.14)", "jaraco.develop (>=7.21)", "jaraco.envs (>=2.2)", "jaraco.path (>=3.2.0)", "mypy (==1.9)", "packaging (>=23.2)", "pip (>=19.1)", "pyproject-hooks (!=1.1)", "pytest (>=6,!=8.1.1)", "pytest-checkdocs (>=2.4)", "pytest-cov", "pytest-enabler (>=2.2)", "pytest-home (>=0.5)", "pytest-mypy", "pytest-perf", "pytest-ruff (>=0.2.1)", "pytest-subprocess", "pytest-timeout", "pytest-xdist (>=3)", "tomli", "tomli-w (>=1.0.0)", "virtualenv (>=13.0.0)", "wheel"]

[metadata]
lock-version = "2.0"
python-versions = "^3.9"
content-hash = "16866c6e722aa420f4a434bb8adc9fa0f0fb1399e6f12a56d76f8f956bcd072d"
